{
  "name": "masa-contracts",
  "version": "0.0.9-beta",
  "lockfileVersion": 3,
  "requires": true,
  "packages": {
    "": {
      "name": "masa-contracts",
      "version": "0.0.9-beta",
      "license": "MIT",
      "dependencies": {
        "@masa-finance/masa-contracts-oracle": "^0.4.5",
        "@masa-finance/masa-token": "^2.10.0"
      }
    },
    "node_modules/@masa-finance/masa-contracts-oracle": {
      "version": "0.4.5",
      "resolved": "https://registry.npmjs.org/@masa-finance/masa-contracts-oracle/-/masa-contracts-oracle-0.4.5.tgz",
      "integrity": "sha512-3SeWpNQ4odLu9dIXNVjDliBSVvEliAy4ULWgQYzsX6hYfYAXhboIUd3+PvJGzGwyEib/3ATwqV7v4v0wBO2kzg=="
    },
    "node_modules/@masa-finance/masa-token": {
      "version": "2.10.0",
      "resolved": "https://registry.npmjs.org/@masa-finance/masa-token/-/masa-token-2.10.0.tgz",
      "integrity": "sha512-5MRDkXCp1YE6SQyp2WSK4SMchCh1knogsQpnbcryD6U9/TwaT/Fwip1bbFmUdmgYyhmv+IJdiIWDHfAE6UrlvA=="
    }
  }
}
